
Microsoft Visual Studio Solution File, Format Version 12.00
# Visual Studio 15
VisualStudioVersion = 15.0.27130.2010
MinimumVisualStudioVersion = 10.0.40219.1
Project("{FAE04EC0-301F-11D3-BF4B-00C04F79EFBC}") = "WeavyTelerikChat.Core", "src\WeavyTelerikChat.Core\WeavyTelerikChat.Core.csproj", "{67AC9628-6592-4711-BA04-630ED99500CA}"
EndProject
Project("{FAE04EC0-301F-11D3-BF4B-00C04F79EFBC}") = "WeavyTelerikChat.UI", "src\WeavyTelerikChat.UI\WeavyTelerikChat.UI.csproj", "{0D7E6CFA-C8C3-4A3A-ABEB-53B61B94B507}"
EndProject
Project("{FAE04EC0-301F-11D3-BF4B-00C04F79EFBC}") = "WeavyTelerikChat.Droid", "src\WeavyTelerikChat.Droid\WeavyTelerikChat.Droid.csproj", "{19991CDB-1469-4510-ABA3-585EDF0DB7C3}"
EndProject
Project("{FAE04EC0-301F-11D3-BF4B-00C04F79EFBC}") = "WeavyTelerikChat.iOS", "src\WeavyTelerikChat.iOS\WeavyTelerikChat.iOS.csproj", "{0C1FEDC3-0AEA-4312-9A97-4B096B81491C}"
EndProject
Project("{2150E333-8FDC-42A3-9474-1A3956D46DE8}") = "!Solution Items", "!Solution Items", "{8CE06A98-0A2A-4F27-B4EB-CD39A7C48F9C}"
	ProjectSection(SolutionItems) = preProject
		.editorconfig = .editorconfig
	EndProjectSection
EndProject
Global
	GlobalSection(SolutionConfigurationPlatforms) = preSolution
		Debug|Any CPU = Debug|Any CPU
		Debug|ARM = Debug|ARM
		Debug|iPhone = Debug|iPhone
		Debug|iPhoneSimulator = Debug|iPhoneSimulator
		Debug|x64 = Debug|x64
		Debug|x86 = Debug|x86
		Release|Any CPU = Release|Any CPU
		Release|ARM = Release|ARM
		Release|iPhone = Release|iPhone
		Release|iPhoneSimulator = Release|iPhoneSimulator
		Release|x64 = Release|x64
		Release|x86 = Release|x86
	EndGlobalSection
	GlobalSection(ProjectConfigurationPlatforms) = postSolution
		{67AC9628-6592-4711-BA04-630ED99500CA}.Debug|Any CPU.ActiveCfg = Debug|Any CPU
		{67AC9628-6592-4711-BA04-630ED99500CA}.Debug|Any CPU.Build.0 = Debug|Any CPU
		{67AC9628-6592-4711-BA04-630ED99500CA}.Debug|ARM.ActiveCfg = Debug|Any CPU
		{67AC9628-6592-4711-BA04-630ED99500CA}.Debug|ARM.Build.0 = Debug|Any CPU
		{67AC9628-6592-4711-BA04-630ED99500CA}.Debug|iPhone.ActiveCfg = Debug|Any CPU
		{67AC9628-6592-4711-BA04-630ED99500CA}.Debug|iPhone.Build.0 = Debug|Any CPU
		{67AC9628-6592-4711-BA04-630ED99500CA}.Debug|iPhoneSimulator.ActiveCfg = Debug|Any CPU
		{67AC9628-6592-4711-BA04-630ED99500CA}.Debug|iPhoneSimulator.Build.0 = Debug|Any CPU
		{67AC9628-6592-4711-BA04-630ED99500CA}.Debug|x64.ActiveCfg = Debug|Any CPU
		{67AC9628-6592-4711-BA04-630ED99500CA}.Debug|x64.Build.0 = Debug|Any CPU
		{67AC9628-6592-4711-BA04-630ED99500CA}.Debug|x86.ActiveCfg = Debug|Any CPU
		{67AC9628-6592-4711-BA04-630ED99500CA}.Debug|x86.Build.0 = Debug|Any CPU
		{67AC9628-6592-4711-BA04-630ED99500CA}.Release|Any CPU.ActiveCfg = Release|Any CPU
		{67AC9628-6592-4711-BA04-630ED99500CA}.Release|Any CPU.Build.0 = Release|Any CPU
		{67AC9628-6592-4711-BA04-630ED99500CA}.Release|ARM.ActiveCfg = Release|Any CPU
		{67AC9628-6592-4711-BA04-630ED99500CA}.Release|ARM.Build.0 = Release|Any CPU
		{67AC9628-6592-4711-BA04-630ED99500CA}.Release|iPhone.ActiveCfg = Release|Any CPU
		{67AC9628-6592-4711-BA04-630ED99500CA}.Release|iPhone.Build.0 = Release|Any CPU
		{67AC9628-6592-4711-BA04-630ED99500CA}.Release|iPhoneSimulator.ActiveCfg = Release|Any CPU
		{67AC9628-6592-4711-BA04-630ED99500CA}.Release|iPhoneSimulator.Build.0 = Release|Any CPU
		{67AC9628-6592-4711-BA04-630ED99500CA}.Release|x64.ActiveCfg = Release|Any CPU
		{67AC9628-6592-4711-BA04-630ED99500CA}.Release|x64.Build.0 = Release|Any CPU
		{67AC9628-6592-4711-BA04-630ED99500CA}.Release|x86.ActiveCfg = Release|Any CPU
		{67AC9628-6592-4711-BA04-630ED99500CA}.Release|x86.Build.0 = Release|Any CPU
		{0D7E6CFA-C8C3-4A3A-ABEB-53B61B94B507}.Debug|Any CPU.ActiveCfg = Debug|Any CPU
		{0D7E6CFA-C8C3-4A3A-ABEB-53B61B94B507}.Debug|Any CPU.Build.0 = Debug|Any CPU
		{0D7E6CFA-C8C3-4A3A-ABEB-53B61B94B507}.Debug|ARM.ActiveCfg = Debug|Any CPU
		{0D7E6CFA-C8C3-4A3A-ABEB-53B61B94B507}.Debug|ARM.Build.0 = Debug|Any CPU
		{0D7E6CFA-C8C3-4A3A-ABEB-53B61B94B507}.Debug|iPhone.ActiveCfg = Debug|Any CPU
		{0D7E6CFA-C8C3-4A3A-ABEB-53B61B94B507}.Debug|iPhone.Build.0 = Debug|Any CPU
		{0D7E6CFA-C8C3-4A3A-ABEB-53B61B94B507}.Debug|iPhoneSimulator.ActiveCfg = Debug|Any CPU
		{0D7E6CFA-C8C3-4A3A-ABEB-53B61B94B507}.Debug|iPhoneSimulator.Build.0 = Debug|Any CPU
		{0D7E6CFA-C8C3-4A3A-ABEB-53B61B94B507}.Debug|x64.ActiveCfg = Debug|Any CPU
		{0D7E6CFA-C8C3-4A3A-ABEB-53B61B94B507}.Debug|x64.Build.0 = Debug|Any CPU
		{0D7E6CFA-C8C3-4A3A-ABEB-53B61B94B507}.Debug|x86.ActiveCfg = Debug|Any CPU
		{0D7E6CFA-C8C3-4A3A-ABEB-53B61B94B507}.Debug|x86.Build.0 = Debug|Any CPU
		{0D7E6CFA-C8C3-4A3A-ABEB-53B61B94B507}.Release|Any CPU.ActiveCfg = Release|Any CPU
		{0D7E6CFA-C8C3-4A3A-ABEB-53B61B94B507}.Release|Any CPU.Build.0 = Release|Any CPU
		{0D7E6CFA-C8C3-4A3A-ABEB-53B61B94B507}.Release|ARM.ActiveCfg = Release|Any CPU
		{0D7E6CFA-C8C3-4A3A-ABEB-53B61B94B507}.Release|ARM.Build.0 = Release|Any CPU
		{0D7E6CFA-C8C3-4A3A-ABEB-53B61B94B507}.Release|iPhone.ActiveCfg = Release|Any CPU
		{0D7E6CFA-C8C3-4A3A-ABEB-53B61B94B507}.Release|iPhone.Build.0 = Release|Any CPU
		{0D7E6CFA-C8C3-4A3A-ABEB-53B61B94B507}.Release|iPhoneSimulator.ActiveCfg = Release|Any CPU
		{0D7E6CFA-C8C3-4A3A-ABEB-53B61B94B507}.Release|iPhoneSimulator.Build.0 = Release|Any CPU
		{0D7E6CFA-C8C3-4A3A-ABEB-53B61B94B507}.Release|x64.ActiveCfg = Release|Any CPU
		{0D7E6CFA-C8C3-4A3A-ABEB-53B61B94B507}.Release|x64.Build.0 = Release|Any CPU
		{0D7E6CFA-C8C3-4A3A-ABEB-53B61B94B507}.Release|x86.ActiveCfg = Release|Any CPU
		{0D7E6CFA-C8C3-4A3A-ABEB-53B61B94B507}.Release|x86.Build.0 = Release|Any CPU
		{19991CDB-1469-4510-ABA3-585EDF0DB7C3}.Debug|Any CPU.ActiveCfg = Debug|Any CPU
		{19991CDB-1469-4510-ABA3-585EDF0DB7C3}.Debug|Any CPU.Build.0 = Debug|Any CPU
		{19991CDB-1469-4510-ABA3-585EDF0DB7C3}.Debug|Any CPU.Deploy.0 = Debug|Any CPU
		{19991CDB-1469-4510-ABA3-585EDF0DB7C3}.Debug|ARM.ActiveCfg = Debug|Any CPU
		{19991CDB-1469-4510-ABA3-585EDF0DB7C3}.Debug|ARM.Build.0 = Debug|Any CPU
		{19991CDB-1469-4510-ABA3-585EDF0DB7C3}.Debug|ARM.Deploy.0 = Debug|Any CPU
		{19991CDB-1469-4510-ABA3-585EDF0DB7C3}.Debug|iPhone.ActiveCfg = Debug|Any CPU
		{19991CDB-1469-4510-ABA3-585EDF0DB7C3}.Debug|iPhone.Build.0 = Debug|Any CPU
		{19991CDB-1469-4510-ABA3-585EDF0DB7C3}.Debug|iPhone.Deploy.0 = Debug|Any CPU
		{19991CDB-1469-4510-ABA3-585EDF0DB7C3}.Debug|iPhoneSimulator.ActiveCfg = Debug|Any CPU
		{19991CDB-1469-4510-ABA3-585EDF0DB7C3}.Debug|iPhoneSimulator.Build.0 = Debug|Any CPU
		{19991CDB-1469-4510-ABA3-585EDF0DB7C3}.Debug|iPhoneSimulator.Deploy.0 = Debug|Any CPU
		{19991CDB-1469-4510-ABA3-585EDF0DB7C3}.Debug|x64.ActiveCfg = Debug|Any CPU
		{19991CDB-1469-4510-ABA3-585EDF0DB7C3}.Debug|x64.Build.0 = Debug|Any CPU
		{19991CDB-1469-4510-ABA3-585EDF0DB7C3}.Debug|x64.Deploy.0 = Debug|Any CPU
		{19991CDB-1469-4510-ABA3-585EDF0DB7C3}.Debug|x86.ActiveCfg = Debug|Any CPU
		{19991CDB-1469-4510-ABA3-585EDF0DB7C3}.Debug|x86.Build.0 = Debug|Any CPU
		{19991CDB-1469-4510-ABA3-585EDF0DB7C3}.Debug|x86.Deploy.0 = Debug|Any CPU
		{19991CDB-1469-4510-ABA3-585EDF0DB7C3}.Release|Any CPU.ActiveCfg = Release|Any CPU
		{19991CDB-1469-4510-ABA3-585EDF0DB7C3}.Release|Any CPU.Build.0 = Release|Any CPU
		{19991CDB-1469-4510-ABA3-585EDF0DB7C3}.Release|Any CPU.Deploy.0 = Release|Any CPU
		{19991CDB-1469-4510-ABA3-585EDF0DB7C3}.Release|ARM.ActiveCfg = Release|Any CPU
		{19991CDB-1469-4510-ABA3-585EDF0DB7C3}.Release|ARM.Build.0 = Release|Any CPU
		{19991CDB-1469-4510-ABA3-585EDF0DB7C3}.Release|ARM.Deploy.0 = Release|Any CPU
		{19991CDB-1469-4510-ABA3-585EDF0DB7C3}.Release|iPhone.ActiveCfg = Release|Any CPU
		{19991CDB-1469-4510-ABA3-585EDF0DB7C3}.Release|iPhone.Build.0 = Release|Any CPU
		{19991CDB-1469-4510-ABA3-585EDF0DB7C3}.Release|iPhone.Deploy.0 = Release|Any CPU
		{19991CDB-1469-4510-ABA3-585EDF0DB7C3}.Release|iPhoneSimulator.ActiveCfg = Release|Any CPU
		{19991CDB-1469-4510-ABA3-585EDF0DB7C3}.Release|iPhoneSimulator.Build.0 = Release|Any CPU
		{19991CDB-1469-4510-ABA3-585EDF0DB7C3}.Release|iPhoneSimulator.Deploy.0 = Release|Any CPU
		{19991CDB-1469-4510-ABA3-585EDF0DB7C3}.Release|x64.ActiveCfg = Release|Any CPU
		{19991CDB-1469-4510-ABA3-585EDF0DB7C3}.Release|x64.Build.0 = Release|Any CPU
		{19991CDB-1469-4510-ABA3-585EDF0DB7C3}.Release|x64.Deploy.0 = Release|Any CPU
		{19991CDB-1469-4510-ABA3-585EDF0DB7C3}.Release|x86.ActiveCfg = Release|Any CPU
		{19991CDB-1469-4510-ABA3-585EDF0DB7C3}.Release|x86.Build.0 = Release|Any CPU
		{19991CDB-1469-4510-ABA3-585EDF0DB7C3}.Release|x86.Deploy.0 = Release|Any CPU
		{0C1FEDC3-0AEA-4312-9A97-4B096B81491C}.Debug|Any CPU.ActiveCfg = Debug|iPhone
		{0C1FEDC3-0AEA-4312-9A97-4B096B81491C}.Debug|Any CPU.Build.0 = Debug|iPhone
		{0C1FEDC3-0AEA-4312-9A97-4B096B81491C}.Debug|ARM.ActiveCfg = Debug|iPhone
		{0C1FEDC3-0AEA-4312-9A97-4B096B81491C}.Debug|iPhone.ActiveCfg = Debug|iPhone
		{0C1FEDC3-0AEA-4312-9A97-4B096B81491C}.Debug|iPhone.Build.0 = Debug|iPhone
		{0C1FEDC3-0AEA-4312-9A97-4B096B81491C}.Debug|iPhone.Deploy.0 = Debug|iPhone
		{0C1FEDC3-0AEA-4312-9A97-4B096B81491C}.Debug|iPhoneSimulator.ActiveCfg = Debug|iPhoneSimulator
		{0C1FEDC3-0AEA-4312-9A97-4B096B81491C}.Debug|iPhoneSimulator.Build.0 = Debug|iPhoneSimulator
		{0C1FEDC3-0AEA-4312-9A97-4B096B81491C}.Debug|iPhoneSimulator.Deploy.0 = Debug|iPhoneSimulator
		{0C1FEDC3-0AEA-4312-9A97-4B096B81491C}.Debug|x64.ActiveCfg = Debug|iPhone
		{0C1FEDC3-0AEA-4312-9A97-4B096B81491C}.Debug|x86.ActiveCfg = Debug|iPhone
		{0C1FEDC3-0AEA-4312-9A97-4B096B81491C}.Release|Any CPU.ActiveCfg = Release|iPhone
		{0C1FEDC3-0AEA-4312-9A97-4B096B81491C}.Release|ARM.ActiveCfg = Release|iPhone
		{0C1FEDC3-0AEA-4312-9A97-4B096B81491C}.Release|iPhone.ActiveCfg = Release|iPhone
		{0C1FEDC3-0AEA-4312-9A97-4B096B81491C}.Release|iPhone.Build.0 = Release|iPhone
		{0C1FEDC3-0AEA-4312-9A97-4B096B81491C}.Release|iPhone.Deploy.0 = Release|iPhone
		{0C1FEDC3-0AEA-4312-9A97-4B096B81491C}.Release|iPhoneSimulator.ActiveCfg = Release|iPhoneSimulator
		{0C1FEDC3-0AEA-4312-9A97-4B096B81491C}.Release|iPhoneSimulator.Build.0 = Release|iPhoneSimulator
		{0C1FEDC3-0AEA-4312-9A97-4B096B81491C}.Release|iPhoneSimulator.Deploy.0 = Release|iPhoneSimulator
		{0C1FEDC3-0AEA-4312-9A97-4B096B81491C}.Release|x64.ActiveCfg = Release|iPhone
		{0C1FEDC3-0AEA-4312-9A97-4B096B81491C}.Release|x86.ActiveCfg = Release|iPhone
	EndGlobalSection
	GlobalSection(SolutionProperties) = preSolution
		HideSolutionNode = FALSE
	EndGlobalSection
	GlobalSection(ExtensibilityGlobals) = postSolution
		SolutionGuid = {03453A91-5A39-4280-97C9-2DBF856EFB61}
	EndGlobalSection
EndGlobal
